
Microsoft Visual Studio Solution File, Format Version 12.00
# Visual Studio 15
VisualStudioVersion = 15.0.26124.0
MinimumVisualStudioVersion = 15.0.26124.0
Project("{2150E333-8FDC-42A3-9474-1A3956D46DE8}") = "01 - Api", "01 - Api", "{F20FEB25-B796-49D8-B201-EB217A81A218}"
EndProject
Project("{FAE04EC0-301F-11D3-BF4B-00C04F79EFBC}") = "OpenWT.Contact.Api", "OpenWT.Contact.Api\OpenWT.Contact.Api.csproj", "{90BF7384-4C30-4D9D-B1BD-8A1B9A46E99E}"
EndProject
Project("{2150E333-8FDC-42A3-9474-1A3956D46DE8}") = "02 - Application", "02 - Application", "{912AEED1-54B8-47C9-ACBC-F03AA10FA66C}"
EndProject
Project("{2150E333-8FDC-42A3-9474-1A3956D46DE8}") = "03 - Infrastructure", "03 - Infrastructure", "{61767985-778B-4628-A168-ED209228CDC7}"
EndProject
Project("{2150E333-8FDC-42A3-9474-1A3956D46DE8}") = "04 - Data", "04 - Data", "{987399E2-4068-479C-9F36-E471DF34C5C6}"
EndProject
Project("{FAE04EC0-301F-11D3-BF4B-00C04F79EFBC}") = "OpenWT.Contact.Application", "OpenWT.Contact.Application\OpenWT.Contact.Application.csproj", "{1868A598-4B37-47E7-A0D6-87857EFB6096}"
EndProject
Project("{FAE04EC0-301F-11D3-BF4B-00C04F79EFBC}") = "OpenWT.Contact.Application.Contract", "OpenWT.Contact.Application.Contract\OpenWT.Contact.Application.Contract.csproj", "{E57B3012-6DCB-4924-9821-64F2E97C4C92}"
EndProject
Project("{FAE04EC0-301F-11D3-BF4B-00C04F79EFBC}") = "OpenWT.Contact.Infrastructure", "OpenWT.Contact.Infrastructure\OpenWT.Contact.Infrastructure.csproj", "{3F9592CF-907C-49F6-AF11-0514B9FA3978}"
EndProject
Project("{FAE04EC0-301F-11D3-BF4B-00C04F79EFBC}") = "OpenWT.Contact.Infrastructure.Contract", "OpenWT.Contact.Infrastructure.Contract\OpenWT.Contact.Infrastructure.Contract.csproj", "{A8F774F3-5E5D-4AD0-BE28-140FAFCD9B9F}"
EndProject
Project("{FAE04EC0-301F-11D3-BF4B-00C04F79EFBC}") = "OpenWT.Contact.Data", "OpenWT.Contact.Data\OpenWT.Contact.Data.csproj", "{AE6A0EE7-C14B-4AD5-9584-1A823F7F8664}"
EndProject
Project("{FAE04EC0-301F-11D3-BF4B-00C04F79EFBC}") = "OpenWT.Contact.Data.Contract", "OpenWT.Contact.Data.Contract\OpenWT.Contact.Data.Contract.csproj", "{F7F55694-96EC-47FE-827F-04AB1FBBAD3B}"
EndProject
Project("{FAE04EC0-301F-11D3-BF4B-00C04F79EFBC}") = "OpenWT.Contact.Application.Data", "OpenWT.Contact.Application.Data\OpenWT.Contact.Application.Data.csproj", "{65C56B20-5897-40DC-BEAE-DD1E895A985E}"
EndProject
Project("{FAE04EC0-301F-11D3-BF4B-00C04F79EFBC}") = "OpenWT.Contact.Common", "OpenWT.Contact.Common\OpenWT.Contact.Common.csproj", "{D613724C-9E8D-4C90-9922-FFEC0E8BA374}"
EndProject
Global
	GlobalSection(SolutionConfigurationPlatforms) = preSolution
		Debug|Any CPU = Debug|Any CPU
		Debug|x64 = Debug|x64
		Debug|x86 = Debug|x86
		Release|Any CPU = Release|Any CPU
		Release|x64 = Release|x64
		Release|x86 = Release|x86
	EndGlobalSection
	GlobalSection(SolutionProperties) = preSolution
		HideSolutionNode = FALSE
	EndGlobalSection
	GlobalSection(NestedProjects) = preSolution
		{90BF7384-4C30-4D9D-B1BD-8A1B9A46E99E} = {F20FEB25-B796-49D8-B201-EB217A81A218}
		{1868A598-4B37-47E7-A0D6-87857EFB6096} = {912AEED1-54B8-47C9-ACBC-F03AA10FA66C}
		{E57B3012-6DCB-4924-9821-64F2E97C4C92} = {912AEED1-54B8-47C9-ACBC-F03AA10FA66C}
		{3F9592CF-907C-49F6-AF11-0514B9FA3978} = {61767985-778B-4628-A168-ED209228CDC7}
		{A8F774F3-5E5D-4AD0-BE28-140FAFCD9B9F} = {61767985-778B-4628-A168-ED209228CDC7}
		{AE6A0EE7-C14B-4AD5-9584-1A823F7F8664} = {987399E2-4068-479C-9F36-E471DF34C5C6}
		{F7F55694-96EC-47FE-827F-04AB1FBBAD3B} = {987399E2-4068-479C-9F36-E471DF34C5C6}
		{65C56B20-5897-40DC-BEAE-DD1E895A985E} = {912AEED1-54B8-47C9-ACBC-F03AA10FA66C}
	EndGlobalSection
	GlobalSection(ProjectConfigurationPlatforms) = postSolution
		{90BF7384-4C30-4D9D-B1BD-8A1B9A46E99E}.Debug|Any CPU.ActiveCfg = Debug|Any CPU
		{90BF7384-4C30-4D9D-B1BD-8A1B9A46E99E}.Debug|Any CPU.Build.0 = Debug|Any CPU
		{90BF7384-4C30-4D9D-B1BD-8A1B9A46E99E}.Debug|x64.ActiveCfg = Debug|Any CPU
		{90BF7384-4C30-4D9D-B1BD-8A1B9A46E99E}.Debug|x64.Build.0 = Debug|Any CPU
		{90BF7384-4C30-4D9D-B1BD-8A1B9A46E99E}.Debug|x86.ActiveCfg = Debug|Any CPU
		{90BF7384-4C30-4D9D-B1BD-8A1B9A46E99E}.Debug|x86.Build.0 = Debug|Any CPU
		{90BF7384-4C30-4D9D-B1BD-8A1B9A46E99E}.Release|Any CPU.ActiveCfg = Release|Any CPU
		{90BF7384-4C30-4D9D-B1BD-8A1B9A46E99E}.Release|Any CPU.Build.0 = Release|Any CPU
		{90BF7384-4C30-4D9D-B1BD-8A1B9A46E99E}.Release|x64.ActiveCfg = Release|Any CPU
		{90BF7384-4C30-4D9D-B1BD-8A1B9A46E99E}.Release|x64.Build.0 = Release|Any CPU
		{90BF7384-4C30-4D9D-B1BD-8A1B9A46E99E}.Release|x86.ActiveCfg = Release|Any CPU
		{90BF7384-4C30-4D9D-B1BD-8A1B9A46E99E}.Release|x86.Build.0 = Release|Any CPU
		{1868A598-4B37-47E7-A0D6-87857EFB6096}.Debug|Any CPU.ActiveCfg = Debug|Any CPU
		{1868A598-4B37-47E7-A0D6-87857EFB6096}.Debug|Any CPU.Build.0 = Debug|Any CPU
		{1868A598-4B37-47E7-A0D6-87857EFB6096}.Debug|x64.ActiveCfg = Debug|Any CPU
		{1868A598-4B37-47E7-A0D6-87857EFB6096}.Debug|x64.Build.0 = Debug|Any CPU
		{1868A598-4B37-47E7-A0D6-87857EFB6096}.Debug|x86.ActiveCfg = Debug|Any CPU
		{1868A598-4B37-47E7-A0D6-87857EFB6096}.Debug|x86.Build.0 = Debug|Any CPU
		{1868A598-4B37-47E7-A0D6-87857EFB6096}.Release|Any CPU.ActiveCfg = Release|Any CPU
		{1868A598-4B37-47E7-A0D6-87857EFB6096}.Release|Any CPU.Build.0 = Release|Any CPU
		{1868A598-4B37-47E7-A0D6-87857EFB6096}.Release|x64.ActiveCfg = Release|Any CPU
		{1868A598-4B37-47E7-A0D6-87857EFB6096}.Release|x64.Build.0 = Release|Any CPU
		{1868A598-4B37-47E7-A0D6-87857EFB6096}.Release|x86.ActiveCfg = Release|Any CPU
		{1868A598-4B37-47E7-A0D6-87857EFB6096}.Release|x86.Build.0 = Release|Any CPU
		{E57B3012-6DCB-4924-9821-64F2E97C4C92}.Debug|Any CPU.ActiveCfg = Debug|Any CPU
		{E57B3012-6DCB-4924-9821-64F2E97C4C92}.Debug|Any CPU.Build.0 = Debug|Any CPU
		{E57B3012-6DCB-4924-9821-64F2E97C4C92}.Debug|x64.ActiveCfg = Debug|Any CPU
		{E57B3012-6DCB-4924-9821-64F2E97C4C92}.Debug|x64.Build.0 = Debug|Any CPU
		{E57B3012-6DCB-4924-9821-64F2E97C4C92}.Debug|x86.ActiveCfg = Debug|Any CPU
		{E57B3012-6DCB-4924-9821-64F2E97C4C92}.Debug|x86.Build.0 = Debug|Any CPU
		{E57B3012-6DCB-4924-9821-64F2E97C4C92}.Release|Any CPU.ActiveCfg = Release|Any CPU
		{E57B3012-6DCB-4924-9821-64F2E97C4C92}.Release|Any CPU.Build.0 = Release|Any CPU
		{E57B3012-6DCB-4924-9821-64F2E97C4C92}.Release|x64.ActiveCfg = Release|Any CPU
		{E57B3012-6DCB-4924-9821-64F2E97C4C92}.Release|x64.Build.0 = Release|Any CPU
		{E57B3012-6DCB-4924-9821-64F2E97C4C92}.Release|x86.ActiveCfg = Release|Any CPU
		{E57B3012-6DCB-4924-9821-64F2E97C4C92}.Release|x86.Build.0 = Release|Any CPU
		{3F9592CF-907C-49F6-AF11-0514B9FA3978}.Debug|Any CPU.ActiveCfg = Debug|Any CPU
		{3F9592CF-907C-49F6-AF11-0514B9FA3978}.Debug|Any CPU.Build.0 = Debug|Any CPU
		{3F9592CF-907C-49F6-AF11-0514B9FA3978}.Debug|x64.ActiveCfg = Debug|Any CPU
		{3F9592CF-907C-49F6-AF11-0514B9FA3978}.Debug|x64.Build.0 = Debug|Any CPU
		{3F9592CF-907C-49F6-AF11-0514B9FA3978}.Debug|x86.ActiveCfg = Debug|Any CPU
		{3F9592CF-907C-49F6-AF11-0514B9FA3978}.Debug|x86.Build.0 = Debug|Any CPU
		{3F9592CF-907C-49F6-AF11-0514B9FA3978}.Release|Any CPU.ActiveCfg = Release|Any CPU
		{3F9592CF-907C-49F6-AF11-0514B9FA3978}.Release|Any CPU.Build.0 = Release|Any CPU
		{3F9592CF-907C-49F6-AF11-0514B9FA3978}.Release|x64.ActiveCfg = Release|Any CPU
		{3F9592CF-907C-49F6-AF11-0514B9FA3978}.Release|x64.Build.0 = Release|Any CPU
		{3F9592CF-907C-49F6-AF11-0514B9FA3978}.Release|x86.ActiveCfg = Release|Any CPU
		{3F9592CF-907C-49F6-AF11-0514B9FA3978}.Release|x86.Build.0 = Release|Any CPU
		{A8F774F3-5E5D-4AD0-BE28-140FAFCD9B9F}.Debug|Any CPU.ActiveCfg = Debug|Any CPU
		{A8F774F3-5E5D-4AD0-BE28-140FAFCD9B9F}.Debug|Any CPU.Build.0 = Debug|Any CPU
		{A8F774F3-5E5D-4AD0-BE28-140FAFCD9B9F}.Debug|x64.ActiveCfg = Debug|Any CPU
		{A8F774F3-5E5D-4AD0-BE28-140FAFCD9B9F}.Debug|x64.Build.0 = Debug|Any CPU
		{A8F774F3-5E5D-4AD0-BE28-140FAFCD9B9F}.Debug|x86.ActiveCfg = Debug|Any CPU
		{A8F774F3-5E5D-4AD0-BE28-140FAFCD9B9F}.Debug|x86.Build.0 = Debug|Any CPU
		{A8F774F3-5E5D-4AD0-BE28-140FAFCD9B9F}.Release|Any CPU.ActiveCfg = Release|Any CPU
		{A8F774F3-5E5D-4AD0-BE28-140FAFCD9B9F}.Release|Any CPU.Build.0 = Release|Any CPU
		{A8F774F3-5E5D-4AD0-BE28-140FAFCD9B9F}.Release|x64.ActiveCfg = Release|Any CPU
		{A8F774F3-5E5D-4AD0-BE28-140FAFCD9B9F}.Release|x64.Build.0 = Release|Any CPU
		{A8F774F3-5E5D-4AD0-BE28-140FAFCD9B9F}.Release|x86.ActiveCfg = Release|Any CPU
		{A8F774F3-5E5D-4AD0-BE28-140FAFCD9B9F}.Release|x86.Build.0 = Release|Any CPU
		{AE6A0EE7-C14B-4AD5-9584-1A823F7F8664}.Debug|Any CPU.ActiveCfg = Debug|Any CPU
		{AE6A0EE7-C14B-4AD5-9584-1A823F7F8664}.Debug|Any CPU.Build.0 = Debug|Any CPU
		{AE6A0EE7-C14B-4AD5-9584-1A823F7F8664}.Debug|x64.ActiveCfg = Debug|Any CPU
		{AE6A0EE7-C14B-4AD5-9584-1A823F7F8664}.Debug|x64.Build.0 = Debug|Any CPU
		{AE6A0EE7-C14B-4AD5-9584-1A823F7F8664}.Debug|x86.ActiveCfg = Debug|Any CPU
		{AE6A0EE7-C14B-4AD5-9584-1A823F7F8664}.Debug|x86.Build.0 = Debug|Any CPU
		{AE6A0EE7-C14B-4AD5-9584-1A823F7F8664}.Release|Any CPU.ActiveCfg = Release|Any CPU
		{AE6A0EE7-C14B-4AD5-9584-1A823F7F8664}.Release|Any CPU.Build.0 = Release|Any CPU
		{AE6A0EE7-C14B-4AD5-9584-1A823F7F8664}.Release|x64.ActiveCfg = Release|Any CPU
		{AE6A0EE7-C14B-4AD5-9584-1A823F7F8664}.Release|x64.Build.0 = Release|Any CPU
		{AE6A0EE7-C14B-4AD5-9584-1A823F7F8664}.Release|x86.ActiveCfg = Release|Any CPU
		{AE6A0EE7-C14B-4AD5-9584-1A823F7F8664}.Release|x86.Build.0 = Release|Any CPU
		{F7F55694-96EC-47FE-827F-04AB1FBBAD3B}.Debug|Any CPU.ActiveCfg = Debug|Any CPU
		{F7F55694-96EC-47FE-827F-04AB1FBBAD3B}.Debug|Any CPU.Build.0 = Debug|Any CPU
		{F7F55694-96EC-47FE-827F-04AB1FBBAD3B}.Debug|x64.ActiveCfg = Debug|Any CPU
		{F7F55694-96EC-47FE-827F-04AB1FBBAD3B}.Debug|x64.Build.0 = Debug|Any CPU
		{F7F55694-96EC-47FE-827F-04AB1FBBAD3B}.Debug|x86.ActiveCfg = Debug|Any CPU
		{F7F55694-96EC-47FE-827F-04AB1FBBAD3B}.Debug|x86.Build.0 = Debug|Any CPU
		{F7F55694-96EC-47FE-827F-04AB1FBBAD3B}.Release|Any CPU.ActiveCfg = Release|Any CPU
		{F7F55694-96EC-47FE-827F-04AB1FBBAD3B}.Release|Any CPU.Build.0 = Release|Any CPU
		{F7F55694-96EC-47FE-827F-04AB1FBBAD3B}.Release|x64.ActiveCfg = Release|Any CPU
		{F7F55694-96EC-47FE-827F-04AB1FBBAD3B}.Release|x64.Build.0 = Release|Any CPU
		{F7F55694-96EC-47FE-827F-04AB1FBBAD3B}.Release|x86.ActiveCfg = Release|Any CPU
		{F7F55694-96EC-47FE-827F-04AB1FBBAD3B}.Release|x86.Build.0 = Release|Any CPU
		{65C56B20-5897-40DC-BEAE-DD1E895A985E}.Debug|Any CPU.ActiveCfg = Debug|Any CPU
		{65C56B20-5897-40DC-BEAE-DD1E895A985E}.Debug|Any CPU.Build.0 = Debug|Any CPU
		{65C56B20-5897-40DC-BEAE-DD1E895A985E}.Debug|x64.ActiveCfg = Debug|Any CPU
		{65C56B20-5897-40DC-BEAE-DD1E895A985E}.Debug|x64.Build.0 = Debug|Any CPU
		{65C56B20-5897-40DC-BEAE-DD1E895A985E}.Debug|x86.ActiveCfg = Debug|Any CPU
		{65C56B20-5897-40DC-BEAE-DD1E895A985E}.Debug|x86.Build.0 = Debug|Any CPU
		{65C56B20-5897-40DC-BEAE-DD1E895A985E}.Release|Any CPU.ActiveCfg = Release|Any CPU
		{65C56B20-5897-40DC-BEAE-DD1E895A985E}.Release|Any CPU.Build.0 = Release|Any CPU
		{65C56B20-5897-40DC-BEAE-DD1E895A985E}.Release|x64.ActiveCfg = Release|Any CPU
		{65C56B20-5897-40DC-BEAE-DD1E895A985E}.Release|x64.Build.0 = Release|Any CPU
		{65C56B20-5897-40DC-BEAE-DD1E895A985E}.Release|x86.ActiveCfg = Release|Any CPU
		{65C56B20-5897-40DC-BEAE-DD1E895A985E}.Release|x86.Build.0 = Release|Any CPU
		{D613724C-9E8D-4C90-9922-FFEC0E8BA374}.Debug|Any CPU.ActiveCfg = Debug|Any CPU
		{D613724C-9E8D-4C90-9922-FFEC0E8BA374}.Debug|Any CPU.Build.0 = Debug|Any CPU
		{D613724C-9E8D-4C90-9922-FFEC0E8BA374}.Debug|x64.ActiveCfg = Debug|Any CPU
		{D613724C-9E8D-4C90-9922-FFEC0E8BA374}.Debug|x64.Build.0 = Debug|Any CPU
		{D613724C-9E8D-4C90-9922-FFEC0E8BA374}.Debug|x86.ActiveCfg = Debug|Any CPU
		{D613724C-9E8D-4C90-9922-FFEC0E8BA374}.Debug|x86.Build.0 = Debug|Any CPU
		{D613724C-9E8D-4C90-9922-FFEC0E8BA374}.Release|Any CPU.ActiveCfg = Release|Any CPU
		{D613724C-9E8D-4C90-9922-FFEC0E8BA374}.Release|Any CPU.Build.0 = Release|Any CPU
		{D613724C-9E8D-4C90-9922-FFEC0E8BA374}.Release|x64.ActiveCfg = Release|Any CPU
		{D613724C-9E8D-4C90-9922-FFEC0E8BA374}.Release|x64.Build.0 = Release|Any CPU
		{D613724C-9E8D-4C90-9922-FFEC0E8BA374}.Release|x86.ActiveCfg = Release|Any CPU
		{D613724C-9E8D-4C90-9922-FFEC0E8BA374}.Release|x86.Build.0 = Release|Any CPU
	EndGlobalSection
EndGlobal
